{
  "name": "second-online-module",
  "version": "1.0.0",
  "lockfileVersion": 2,
  "requires": true,
  "packages": {
    "": {
      "name": "second-online-module",
      "version": "1.0.0",
      "license": "ISC",
      "dependencies": {
        "intellipaat": "^1.0.0"
      }
    },
    "node_modules/intellipaat": {
      "version": "1.0.0",
      "resolved": "https://registry.npmjs.org/intellipaat/-/intellipaat-1.0.0.tgz",
      "integrity": "sha512-7nd1yPw+INecYa0CQtr+4k1GL3tmReqEjWkPdlqjVHI4IAZGxgFkwXHkZrJ97Li2gnv0R660L1pfENxt6cn9Sw=="
    }
  },
  "dependencies": {
    "intellipaat": {
      "version": "1.0.0",
      "resolved": "https://registry.npmjs.org/intellipaat/-/intellipaat-1.0.0.tgz",
      "integrity": "sha512-7nd1yPw+INecYa0CQtr+4k1GL3tmReqEjWkPdlqjVHI4IAZGxgFkwXHkZrJ97Li2gnv0R660L1pfENxt6cn9Sw=="
    }
  }
}
